
Microsoft Visual Studio Solution File, Format Version 12.00
# Visual Studio 15
VisualStudioVersion = 15.0.28010.2036
MinimumVisualStudioVersion = 10.0.40219.1
Project("{FAE04EC0-301F-11D3-BF4B-00C04F79EFBC}") = "kurs1sem2", "kurs1sem2\kurs1sem2.csproj", "{52BAD78E-A616-49E1-A218-70195889EBFD}"
EndProject
Global
	GlobalSection(SolutionConfigurationPlatforms) = preSolution
		Debug|Any CPU = Debug|Any CPU
		Release|Any CPU = Release|Any CPU
	EndGlobalSection
	GlobalSection(ProjectConfigurationPlatforms) = postSolution
		{52BAD78E-A616-49E1-A218-70195889EBFD}.Debug|Any CPU.ActiveCfg = Debug|Any CPU
		{52BAD78E-A616-49E1-A218-70195889EBFD}.Debug|Any CPU.Build.0 = Debug|Any CPU
		{52BAD78E-A616-49E1-A218-70195889EBFD}.Release|Any CPU.ActiveCfg = Release|Any CPU
		{52BAD78E-A616-49E1-A218-70195889EBFD}.Release|Any CPU.Build.0 = Release|Any CPU
	EndGlobalSection
	GlobalSection(SolutionProperties) = preSolution
		HideSolutionNode = FALSE
	EndGlobalSection
	GlobalSection(ExtensibilityGlobals) = postSolution
		SolutionGuid = {BD100D42-FA96-4BD6-A207-6ADCE9C95CFA}
	EndGlobalSection
EndGlobal
